
Microsoft Visual Studio Solution File, Format Version 12.00
# Visual Studio Version 16
VisualStudioVersion = 16.0.32602.291
MinimumVisualStudioVersion = 10.0.40219.1
Project("{FAE04EC0-301F-11D3-BF4B-00C04F79EFBC}") = "Stage-2", "Stage-2.csproj", "{E61F3CAB-927E-4D6D-A3B2-4B69BB6F9E99}"
EndProject
Project("{FAE04EC0-301F-11D3-BF4B-00C04F79EFBC}") = "OOP_Intro", "..\OOP_Intro\OOP_Intro.csproj", "{3F989446-95AB-41E5-8085-40533577482C}"
EndProject
Global
	GlobalSection(SolutionConfigurationPlatforms) = preSolution
		Debug|Any CPU = Debug|Any CPU
		Release|Any CPU = Release|Any CPU
	EndGlobalSection
	GlobalSection(ProjectConfigurationPlatforms) = postSolution
		{E61F3CAB-927E-4D6D-A3B2-4B69BB6F9E99}.Debug|Any CPU.ActiveCfg = Debug|Any CPU
		{E61F3CAB-927E-4D6D-A3B2-4B69BB6F9E99}.Debug|Any CPU.Build.0 = Debug|Any CPU
		{E61F3CAB-927E-4D6D-A3B2-4B69BB6F9E99}.Release|Any CPU.ActiveCfg = Release|Any CPU
		{E61F3CAB-927E-4D6D-A3B2-4B69BB6F9E99}.Release|Any CPU.Build.0 = Release|Any CPU
		{3F989446-95AB-41E5-8085-40533577482C}.Debug|Any CPU.ActiveCfg = Debug|Any CPU
		{3F989446-95AB-41E5-8085-40533577482C}.Debug|Any CPU.Build.0 = Debug|Any CPU
		{3F989446-95AB-41E5-8085-40533577482C}.Release|Any CPU.ActiveCfg = Release|Any CPU
		{3F989446-95AB-41E5-8085-40533577482C}.Release|Any CPU.Build.0 = Release|Any CPU
	EndGlobalSection
	GlobalSection(SolutionProperties) = preSolution
		HideSolutionNode = FALSE
	EndGlobalSection
	GlobalSection(ExtensibilityGlobals) = postSolution
		SolutionGuid = {FAC88B10-95BC-490E-9A5A-6B8362B8802D}
	EndGlobalSection
EndGlobal
