
Microsoft Visual Studio Solution File, Format Version 12.00
# Visual Studio Version 16
VisualStudioVersion = 16.0.32602.291
MinimumVisualStudioVersion = 10.0.40219.1
Project("{9A19103F-16F7-4668-BE54-9A1E7A4F7556}") = "Stage-2", "Stage-2.csproj", "{E61F3CAB-927E-4D6D-A3B2-4B69BB6F9E99}"
EndProject
Project("{9A19103F-16F7-4668-BE54-9A1E7A4F7556}") = "OOP_Intro", "..\OOP_Intro\OOP_Intro.csproj", "{3F989446-95AB-41E5-8085-40533577482C}"
EndProject
Project("{9A19103F-16F7-4668-BE54-9A1E7A4F7556}") = "Interface_Intro", "..\Interface_Intro\Interface_Intro.csproj", "{4791436D-6716-4506-A7F6-EF19DB330E7D}"
EndProject
Project("{9A19103F-16F7-4668-BE54-9A1E7A4F7556}") = "Animals", "..\Animals\Animals.csproj", "{07955D8D-24FA-44B4-AC42-EB59CAA61D2F}"
EndProject
Project("{9A19103F-16F7-4668-BE54-9A1E7A4F7556}") = "Restaurant_Project", "..\Restaurant_Project\Restaurant_Project.csproj", "{BAC0FB8D-6685-4535-9B3E-1A0EDBB57083}"
EndProject
Project("{9A19103F-16F7-4668-BE54-9A1E7A4F7556}") = "Sorting_Algorithms", "..\Sorting_Algorithms\Sorting_Algorithms.csproj", "{A711CA46-5313-45F3-9F47-8789E2026388}"
EndProject
Project("{9A19103F-16F7-4668-BE54-9A1E7A4F7556}") = "Exeptions", "..\Exeptions\Exeptions.csproj", "{3981BEE6-9700-47B1-A2AE-EABF1615F734}"
EndProject
Project("{9A19103F-16F7-4668-BE54-9A1E7A4F7556}") = "GenericIntro", "..\GenericIntro\GenericIntro.csproj", "{CA76467A-E5AE-491D-9DA5-8B1BBBA408D1}"
EndProject
Project("{9A19103F-16F7-4668-BE54-9A1E7A4F7556}") = "Delegates", "..\Delegates\Delegates.csproj", "{A46F2E72-D8C4-4565-ACD1-1CAB6F6E882A}"
EndProject
Project("{9A19103F-16F7-4668-BE54-9A1E7A4F7556}") = "DelegateEvent", "..\DelegateEvent\DelegateEvent.csproj", "{5F329467-34F8-49F2-B9E1-4179F7A1F3D0}"
EndProject
Project("{9A19103F-16F7-4668-BE54-9A1E7A4F7556}") = "PersonProj", "..\PersonProj\PersonProj.csproj", "{5AEC783A-E72F-489F-9B4D-931433638C0E}"
EndProject
Project("{FAE04EC0-301F-11D3-BF4B-00C04F79EFBC}") = "SimpleCalculator", "..\SimpleCalculator\SimpleCalculator.csproj", "{594B5B61-7AC2-4D4F-892B-7B35608B4AEC}"
EndProject
Project("{9A19103F-16F7-4668-BE54-9A1E7A4F7556}") = "DataStructuresIntro", "..\DataStructuresIntro\DataStructuresIntro.csproj", "{51353D9E-AEE0-47D5-9F1D-4A0BD5F144B0}"
EndProject
Project("{9A19103F-16F7-4668-BE54-9A1E7A4F7556}") = "Lesson_9", "..\Lesson_9\Lesson_9.csproj", "{1242F5E8-01EA-4DA9-8698-07D870E248E3}"
EndProject
Project("{9A19103F-16F7-4668-BE54-9A1E7A4F7556}") = "Ref_Out_In", "..\Ref_Out_In\Ref_Out_In.csproj", "{DC639D32-4EC5-48D0-A819-D7D40127BF3E}"
EndProject
Project("{9A19103F-16F7-4668-BE54-9A1E7A4F7556}") = "FileStream", "..\FileStream\FileStream.csproj", "{24A78463-E65A-449E-9819-FB31D0D73AC0}"
EndProject
Project("{FAE04EC0-301F-11D3-BF4B-00C04F79EFBC}") = "Excel_Example", "..\Excel_Example\Excel_Example.csproj", "{E59DB4DA-A05B-4F6F-9401-1650883A174E}"
EndProject
Global
	GlobalSection(SolutionConfigurationPlatforms) = preSolution
		Debug|Any CPU = Debug|Any CPU
		Release|Any CPU = Release|Any CPU
	EndGlobalSection
	GlobalSection(ProjectConfigurationPlatforms) = postSolution
		{E61F3CAB-927E-4D6D-A3B2-4B69BB6F9E99}.Debug|Any CPU.ActiveCfg = Debug|Any CPU
		{E61F3CAB-927E-4D6D-A3B2-4B69BB6F9E99}.Debug|Any CPU.Build.0 = Debug|Any CPU
		{E61F3CAB-927E-4D6D-A3B2-4B69BB6F9E99}.Release|Any CPU.ActiveCfg = Release|Any CPU
		{E61F3CAB-927E-4D6D-A3B2-4B69BB6F9E99}.Release|Any CPU.Build.0 = Release|Any CPU
		{3F989446-95AB-41E5-8085-40533577482C}.Debug|Any CPU.ActiveCfg = Debug|Any CPU
		{3F989446-95AB-41E5-8085-40533577482C}.Debug|Any CPU.Build.0 = Debug|Any CPU
		{3F989446-95AB-41E5-8085-40533577482C}.Release|Any CPU.ActiveCfg = Release|Any CPU
		{3F989446-95AB-41E5-8085-40533577482C}.Release|Any CPU.Build.0 = Release|Any CPU
		{4791436D-6716-4506-A7F6-EF19DB330E7D}.Debug|Any CPU.ActiveCfg = Debug|Any CPU
		{4791436D-6716-4506-A7F6-EF19DB330E7D}.Debug|Any CPU.Build.0 = Debug|Any CPU
		{4791436D-6716-4506-A7F6-EF19DB330E7D}.Release|Any CPU.ActiveCfg = Release|Any CPU
		{4791436D-6716-4506-A7F6-EF19DB330E7D}.Release|Any CPU.Build.0 = Release|Any CPU
		{07955D8D-24FA-44B4-AC42-EB59CAA61D2F}.Debug|Any CPU.ActiveCfg = Debug|Any CPU
		{07955D8D-24FA-44B4-AC42-EB59CAA61D2F}.Debug|Any CPU.Build.0 = Debug|Any CPU
		{07955D8D-24FA-44B4-AC42-EB59CAA61D2F}.Release|Any CPU.ActiveCfg = Release|Any CPU
		{07955D8D-24FA-44B4-AC42-EB59CAA61D2F}.Release|Any CPU.Build.0 = Release|Any CPU
		{BAC0FB8D-6685-4535-9B3E-1A0EDBB57083}.Debug|Any CPU.ActiveCfg = Debug|Any CPU
		{BAC0FB8D-6685-4535-9B3E-1A0EDBB57083}.Debug|Any CPU.Build.0 = Debug|Any CPU
		{BAC0FB8D-6685-4535-9B3E-1A0EDBB57083}.Release|Any CPU.ActiveCfg = Release|Any CPU
		{BAC0FB8D-6685-4535-9B3E-1A0EDBB57083}.Release|Any CPU.Build.0 = Release|Any CPU
		{A711CA46-5313-45F3-9F47-8789E2026388}.Debug|Any CPU.ActiveCfg = Debug|Any CPU
		{A711CA46-5313-45F3-9F47-8789E2026388}.Debug|Any CPU.Build.0 = Debug|Any CPU
		{A711CA46-5313-45F3-9F47-8789E2026388}.Release|Any CPU.ActiveCfg = Release|Any CPU
		{A711CA46-5313-45F3-9F47-8789E2026388}.Release|Any CPU.Build.0 = Release|Any CPU
		{3981BEE6-9700-47B1-A2AE-EABF1615F734}.Debug|Any CPU.ActiveCfg = Debug|Any CPU
		{3981BEE6-9700-47B1-A2AE-EABF1615F734}.Debug|Any CPU.Build.0 = Debug|Any CPU
		{3981BEE6-9700-47B1-A2AE-EABF1615F734}.Release|Any CPU.ActiveCfg = Release|Any CPU
		{3981BEE6-9700-47B1-A2AE-EABF1615F734}.Release|Any CPU.Build.0 = Release|Any CPU
		{CA76467A-E5AE-491D-9DA5-8B1BBBA408D1}.Debug|Any CPU.ActiveCfg = Debug|Any CPU
		{CA76467A-E5AE-491D-9DA5-8B1BBBA408D1}.Debug|Any CPU.Build.0 = Debug|Any CPU
		{CA76467A-E5AE-491D-9DA5-8B1BBBA408D1}.Release|Any CPU.ActiveCfg = Release|Any CPU
		{CA76467A-E5AE-491D-9DA5-8B1BBBA408D1}.Release|Any CPU.Build.0 = Release|Any CPU
		{A46F2E72-D8C4-4565-ACD1-1CAB6F6E882A}.Debug|Any CPU.ActiveCfg = Debug|Any CPU
		{A46F2E72-D8C4-4565-ACD1-1CAB6F6E882A}.Debug|Any CPU.Build.0 = Debug|Any CPU
		{A46F2E72-D8C4-4565-ACD1-1CAB6F6E882A}.Release|Any CPU.ActiveCfg = Release|Any CPU
		{A46F2E72-D8C4-4565-ACD1-1CAB6F6E882A}.Release|Any CPU.Build.0 = Release|Any CPU
		{5F329467-34F8-49F2-B9E1-4179F7A1F3D0}.Debug|Any CPU.ActiveCfg = Debug|Any CPU
		{5F329467-34F8-49F2-B9E1-4179F7A1F3D0}.Debug|Any CPU.Build.0 = Debug|Any CPU
		{5F329467-34F8-49F2-B9E1-4179F7A1F3D0}.Release|Any CPU.ActiveCfg = Release|Any CPU
		{5F329467-34F8-49F2-B9E1-4179F7A1F3D0}.Release|Any CPU.Build.0 = Release|Any CPU
		{5AEC783A-E72F-489F-9B4D-931433638C0E}.Debug|Any CPU.ActiveCfg = Debug|Any CPU
		{5AEC783A-E72F-489F-9B4D-931433638C0E}.Debug|Any CPU.Build.0 = Debug|Any CPU
		{5AEC783A-E72F-489F-9B4D-931433638C0E}.Release|Any CPU.ActiveCfg = Release|Any CPU
		{5AEC783A-E72F-489F-9B4D-931433638C0E}.Release|Any CPU.Build.0 = Release|Any CPU
		{594B5B61-7AC2-4D4F-892B-7B35608B4AEC}.Debug|Any CPU.ActiveCfg = Debug|Any CPU
		{594B5B61-7AC2-4D4F-892B-7B35608B4AEC}.Debug|Any CPU.Build.0 = Debug|Any CPU
		{594B5B61-7AC2-4D4F-892B-7B35608B4AEC}.Release|Any CPU.ActiveCfg = Release|Any CPU
		{594B5B61-7AC2-4D4F-892B-7B35608B4AEC}.Release|Any CPU.Build.0 = Release|Any CPU
		{51353D9E-AEE0-47D5-9F1D-4A0BD5F144B0}.Debug|Any CPU.ActiveCfg = Debug|Any CPU
		{51353D9E-AEE0-47D5-9F1D-4A0BD5F144B0}.Debug|Any CPU.Build.0 = Debug|Any CPU
		{51353D9E-AEE0-47D5-9F1D-4A0BD5F144B0}.Release|Any CPU.ActiveCfg = Release|Any CPU
		{51353D9E-AEE0-47D5-9F1D-4A0BD5F144B0}.Release|Any CPU.Build.0 = Release|Any CPU
		{1242F5E8-01EA-4DA9-8698-07D870E248E3}.Debug|Any CPU.ActiveCfg = Debug|Any CPU
		{1242F5E8-01EA-4DA9-8698-07D870E248E3}.Debug|Any CPU.Build.0 = Debug|Any CPU
		{1242F5E8-01EA-4DA9-8698-07D870E248E3}.Release|Any CPU.ActiveCfg = Release|Any CPU
		{1242F5E8-01EA-4DA9-8698-07D870E248E3}.Release|Any CPU.Build.0 = Release|Any CPU
		{DC639D32-4EC5-48D0-A819-D7D40127BF3E}.Debug|Any CPU.ActiveCfg = Debug|Any CPU
		{DC639D32-4EC5-48D0-A819-D7D40127BF3E}.Debug|Any CPU.Build.0 = Debug|Any CPU
		{DC639D32-4EC5-48D0-A819-D7D40127BF3E}.Release|Any CPU.ActiveCfg = Release|Any CPU
		{DC639D32-4EC5-48D0-A819-D7D40127BF3E}.Release|Any CPU.Build.0 = Release|Any CPU
		{24A78463-E65A-449E-9819-FB31D0D73AC0}.Debug|Any CPU.ActiveCfg = Debug|Any CPU
		{24A78463-E65A-449E-9819-FB31D0D73AC0}.Debug|Any CPU.Build.0 = Debug|Any CPU
		{24A78463-E65A-449E-9819-FB31D0D73AC0}.Release|Any CPU.ActiveCfg = Release|Any CPU
		{24A78463-E65A-449E-9819-FB31D0D73AC0}.Release|Any CPU.Build.0 = Release|Any CPU
		{E59DB4DA-A05B-4F6F-9401-1650883A174E}.Debug|Any CPU.ActiveCfg = Debug|Any CPU
		{E59DB4DA-A05B-4F6F-9401-1650883A174E}.Debug|Any CPU.Build.0 = Debug|Any CPU
		{E59DB4DA-A05B-4F6F-9401-1650883A174E}.Release|Any CPU.ActiveCfg = Release|Any CPU
		{E59DB4DA-A05B-4F6F-9401-1650883A174E}.Release|Any CPU.Build.0 = Release|Any CPU
	EndGlobalSection
	GlobalSection(SolutionProperties) = preSolution
		HideSolutionNode = FALSE
	EndGlobalSection
	GlobalSection(ExtensibilityGlobals) = postSolution
		SolutionGuid = {FAC88B10-95BC-490E-9A5A-6B8362B8802D}
	EndGlobalSection
EndGlobal
